
Microsoft Visual Studio Solution File, Format Version 12.00
# Visual Studio Version 16
VisualStudioVersion = 16.0.30907.101
MinimumVisualStudioVersion = 10.0.40219.1
Project("{9A19103F-16F7-4668-BE54-9A1E7A4F7556}") = "KampCsharp", "KampCsharp\KampCsharp.csproj", "{2FC46ACC-58DA-4345-8304-1727BFEB10FA}"
EndProject
Project("{9A19103F-16F7-4668-BE54-9A1E7A4F7556}") = "Donguler", "Donguler\Donguler.csproj", "{E7A5578A-4243-4BAE-81AA-9B85F2A751D9}"
EndProject
Project("{9A19103F-16F7-4668-BE54-9A1E7A4F7556}") = "ClassIntro", "ClassIntro\ClassIntro.csproj", "{3392CDA8-B908-4050-9B90-15129B01A59E}"
EndProject
Project("{9A19103F-16F7-4668-BE54-9A1E7A4F7556}") = "odev SwitchCase", "odev SwitchCase\odev SwitchCase.csproj", "{299DF816-C99D-48DA-B39B-E81BC31B9196}"
EndProject
Project("{9A19103F-16F7-4668-BE54-9A1E7A4F7556}") = "odev whileDongusu", "odev whileDongusu\odev whileDongusu.csproj", "{7AD56075-B601-4F8D-B4D2-CA503FD9C17B}"
EndProject
Project("{9A19103F-16F7-4668-BE54-9A1E7A4F7556}") = "odev6", "odev6\odev6.csproj", "{8FCAE708-E9FF-4F70-94A1-78AB5DCCE6E3}"
EndProject
Project("{FAE04EC0-301F-11D3-BF4B-00C04F79EFBC}") = "Metotlar", "Metotlar\Metotlar.csproj", "{6E9416F5-CCAE-4E22-9281-20733C1EE669}"
EndProject
Project("{FAE04EC0-301F-11D3-BF4B-00C04F79EFBC}") = "Matematik", "Matematik\Matematik.csproj", "{3FFC7F51-76E9-4188-9903-D55F049C43B3}"
EndProject
Project("{FAE04EC0-301F-11D3-BF4B-00C04F79EFBC}") = "DegerVeReferansTipler", "DegerVeReferansTipler\DegerVeReferansTipler.csproj", "{E8C15125-D3BE-4855-9A5E-2908EEF4F1C7}"
EndProject
Global
	GlobalSection(SolutionConfigurationPlatforms) = preSolution
		Debug|Any CPU = Debug|Any CPU
		Release|Any CPU = Release|Any CPU
	EndGlobalSection
	GlobalSection(ProjectConfigurationPlatforms) = postSolution
		{2FC46ACC-58DA-4345-8304-1727BFEB10FA}.Debug|Any CPU.ActiveCfg = Debug|Any CPU
		{2FC46ACC-58DA-4345-8304-1727BFEB10FA}.Debug|Any CPU.Build.0 = Debug|Any CPU
		{2FC46ACC-58DA-4345-8304-1727BFEB10FA}.Release|Any CPU.ActiveCfg = Release|Any CPU
		{2FC46ACC-58DA-4345-8304-1727BFEB10FA}.Release|Any CPU.Build.0 = Release|Any CPU
		{E7A5578A-4243-4BAE-81AA-9B85F2A751D9}.Debug|Any CPU.ActiveCfg = Debug|Any CPU
		{E7A5578A-4243-4BAE-81AA-9B85F2A751D9}.Debug|Any CPU.Build.0 = Debug|Any CPU
		{E7A5578A-4243-4BAE-81AA-9B85F2A751D9}.Release|Any CPU.ActiveCfg = Release|Any CPU
		{E7A5578A-4243-4BAE-81AA-9B85F2A751D9}.Release|Any CPU.Build.0 = Release|Any CPU
		{3392CDA8-B908-4050-9B90-15129B01A59E}.Debug|Any CPU.ActiveCfg = Debug|Any CPU
		{3392CDA8-B908-4050-9B90-15129B01A59E}.Debug|Any CPU.Build.0 = Debug|Any CPU
		{3392CDA8-B908-4050-9B90-15129B01A59E}.Release|Any CPU.ActiveCfg = Release|Any CPU
		{3392CDA8-B908-4050-9B90-15129B01A59E}.Release|Any CPU.Build.0 = Release|Any CPU
		{299DF816-C99D-48DA-B39B-E81BC31B9196}.Debug|Any CPU.ActiveCfg = Debug|Any CPU
		{299DF816-C99D-48DA-B39B-E81BC31B9196}.Debug|Any CPU.Build.0 = Debug|Any CPU
		{299DF816-C99D-48DA-B39B-E81BC31B9196}.Release|Any CPU.ActiveCfg = Release|Any CPU
		{299DF816-C99D-48DA-B39B-E81BC31B9196}.Release|Any CPU.Build.0 = Release|Any CPU
		{7AD56075-B601-4F8D-B4D2-CA503FD9C17B}.Debug|Any CPU.ActiveCfg = Debug|Any CPU
		{7AD56075-B601-4F8D-B4D2-CA503FD9C17B}.Debug|Any CPU.Build.0 = Debug|Any CPU
		{7AD56075-B601-4F8D-B4D2-CA503FD9C17B}.Release|Any CPU.ActiveCfg = Release|Any CPU
		{7AD56075-B601-4F8D-B4D2-CA503FD9C17B}.Release|Any CPU.Build.0 = Release|Any CPU
		{8FCAE708-E9FF-4F70-94A1-78AB5DCCE6E3}.Debug|Any CPU.ActiveCfg = Debug|Any CPU
		{8FCAE708-E9FF-4F70-94A1-78AB5DCCE6E3}.Debug|Any CPU.Build.0 = Debug|Any CPU
		{8FCAE708-E9FF-4F70-94A1-78AB5DCCE6E3}.Release|Any CPU.ActiveCfg = Release|Any CPU
		{8FCAE708-E9FF-4F70-94A1-78AB5DCCE6E3}.Release|Any CPU.Build.0 = Release|Any CPU
		{6E9416F5-CCAE-4E22-9281-20733C1EE669}.Debug|Any CPU.ActiveCfg = Debug|Any CPU
		{6E9416F5-CCAE-4E22-9281-20733C1EE669}.Debug|Any CPU.Build.0 = Debug|Any CPU
		{6E9416F5-CCAE-4E22-9281-20733C1EE669}.Release|Any CPU.ActiveCfg = Release|Any CPU
		{6E9416F5-CCAE-4E22-9281-20733C1EE669}.Release|Any CPU.Build.0 = Release|Any CPU
		{3FFC7F51-76E9-4188-9903-D55F049C43B3}.Debug|Any CPU.ActiveCfg = Debug|Any CPU
		{3FFC7F51-76E9-4188-9903-D55F049C43B3}.Debug|Any CPU.Build.0 = Debug|Any CPU
		{3FFC7F51-76E9-4188-9903-D55F049C43B3}.Release|Any CPU.ActiveCfg = Release|Any CPU
		{3FFC7F51-76E9-4188-9903-D55F049C43B3}.Release|Any CPU.Build.0 = Release|Any CPU
		{E8C15125-D3BE-4855-9A5E-2908EEF4F1C7}.Debug|Any CPU.ActiveCfg = Debug|Any CPU
		{E8C15125-D3BE-4855-9A5E-2908EEF4F1C7}.Debug|Any CPU.Build.0 = Debug|Any CPU
		{E8C15125-D3BE-4855-9A5E-2908EEF4F1C7}.Release|Any CPU.ActiveCfg = Release|Any CPU
		{E8C15125-D3BE-4855-9A5E-2908EEF4F1C7}.Release|Any CPU.Build.0 = Release|Any CPU
	EndGlobalSection
	GlobalSection(SolutionProperties) = preSolution
		HideSolutionNode = FALSE
	EndGlobalSection
	GlobalSection(ExtensibilityGlobals) = postSolution
		SolutionGuid = {A34B2D57-AA38-4C59-A0EA-D3D53B0151E7}
	EndGlobalSection
EndGlobal
